// !$*UTF8*$!
{
	archiveVersion = 1;
	classes = {
	};
	objectVersion = 46;
	objects = {

/* Begin PBXBuildFile section */
		820ACFE41EA70D4F00A46775 /* AppDelegate.swift in Sources */ = {isa = PBXBuildFile; fileRef = 820ACFE31EA70D4F00A46775 /* AppDelegate.swift */; };
		820ACFE61EA70D4F00A46775 /* ViewController.swift in Sources */ = {isa = PBXBuildFile; fileRef = 820ACFE51EA70D4F00A46775 /* ViewController.swift */; };
		820ACFE91EA70D4F00A46775 /* Main.storyboard in Resources */ = {isa = PBXBuildFile; fileRef = 820ACFE71EA70D4F00A46775 /* Main.storyboard */; };
		820ACFEB1EA70D4F00A46775 /* Assets.xcassets in Resources */ = {isa = PBXBuildFile; fileRef = 820ACFEA1EA70D4F00A46775 /* Assets.xcassets */; };
		820ACFEE1EA70D4F00A46775 /* LaunchScreen.storyboard in Resources */ = {isa = PBXBuildFile; fileRef = 820ACFEC1EA70D4F00A46775 /* LaunchScreen.storyboard */; };
		820ACFF91EA70D4F00A46775 /* SnowAnimationTests.swift in Sources */ = {isa = PBXBuildFile; fileRef = 820ACFF81EA70D4F00A46775 /* SnowAnimationTests.swift */; };
		820AD0041EA70D4F00A46775 /* SnowAnimationUITests.swift in Sources */ = {isa = PBXBuildFile; fileRef = 820AD0031EA70D4F00A46775 /* SnowAnimationUITests.swift */; };
/* End PBXBuildFile section */

/* Begin PBXContainerItemProxy section */
		820ACFF51EA70D4F00A46775 /* PBXContainerItemProxy */ = {
			isa = PBXContainerItemProxy;
			containerPortal = 820ACFD81EA70D4F00A46775 /* Project object */;
			proxyType = 1;
			remoteGlobalIDString = 820ACFDF1EA70D4F00A46775;
			remoteInfo = SnowAnimation;
		};
		820AD0001EA70D4F00A46775 /* PBXContainerItemProxy */ = {
			isa = PBXContainerItemProxy;
			containerPortal = 820ACFD81EA70D4F00A46775 /* Project object */;
			proxyType = 1;
			remoteGlobalIDString = 820ACFDF1EA70D4F00A46775;
			remoteInfo = SnowAnimation;
		};
/* End PBXContainerItemProxy section */

/* Begin PBXFileReference section */
		820ACFE01EA70D4F00A46775 /* SnowAnimation.app */ = {isa = PBXFileReference; explicitFileType = wrapper.application; includeInIndex = 0; path = SnowAnimation.app; sourceTree = BUILT_PRODUCTS_DIR; };
		820ACFE31EA70D4F00A46775 /* AppDelegate.swift */ = {isa = PBXFileReference; lastKnownFileType = sourcecode.swift; path = AppDelegate.swift; sourceTree = "<group>"; };
		820ACFE51EA70D4F00A46775 /* ViewController.swift */ = {isa = PBXFileReference; lastKnownFileType = sourcecode.swift; path = ViewController.swift; sourceTree = "<group>"; };
		820ACFE81EA70D4F00A46775 /* Base */ = {isa = PBXFileReference; lastKnownFileType = file.storyboard; name = Base; path = Base.lproj/Main.storyboard; sourceTree = "<group>"; };
		820ACFEA1EA70D4F00A46775 /* Assets.xcassets */ = {isa = PBXFileReference; lastKnownFileType = folder.assetcatalog; path = Assets.xcassets; sourceTree = "<group>"; };
		820ACFED1EA70D4F00A46775 /* Base */ = {isa = PBXFileReference; lastKnownFileType = file.storyboard; name = Base; path = Base.lproj/LaunchScreen.storyboard; sourceTree = "<group>"; };
		820ACFEF1EA70D4F00A46775 /* Info.plist */ = {isa = PBXFileReference; lastKnownFileType = text.plist.xml; path = Info.plist; sourceTree = "<group>"; };
		820ACFF41EA70D4F00A46775 /* SnowAnimationTests.xctest */ = {isa = PBXFileReference; explicitFileType = wrapper.cfbundle; includeInIndex = 0; path = SnowAnimationTests.xctest; sourceTree = BUILT_PRODUCTS_DIR; };
		820ACFF81EA70D4F00A46775 /* SnowAnimationTests.swift */ = {isa = PBXFileReference; lastKnownFileType = sourcecode.swift; path = SnowAnimationTests.swift; sourceTree = "<group>"; };
		820ACFFA1EA70D4F00A46775 /* Info.plist */ = {isa = PBXFileReference; lastKnownFileType = text.plist.xml; path = Info.plist; sourceTree = "<group>"; };
		820ACFFF1EA70D4F00A46775 /* SnowAnimationUITests.xctest */ = {isa = PBXFileReference; explicitFileType = wrapper.cfbundle; includeInIndex = 0; path = SnowAnimationUITests.xctest; sourceTree = BUILT_PRODUCTS_DIR; };
		820AD0031EA70D4F00A46775 /* SnowAnimationUITests.swift */ = {isa = PBXFileReference; lastKnownFileType = sourcecode.swift; path = SnowAnimationUITests.swift; sourceTree = "<group>"; };
		820AD0051EA70D4F00A46775 /* Info.plist */ = {isa = PBXFileReference; lastKnownFileType = text.plist.xml; path = Info.plist; sourceTree = "<group>"; };
/* End PBXFileReference section */

/* Begin PBXFrameworksBuildPhase section */
		820ACFDD1EA70D4F00A46775 /* Frameworks */ = {
			isa = PBXFrameworksBuildPhase;
			buildActionMask = 2147483647;
			files = (
			);
			runOnlyForDeploymentPostprocessing = 0;
		};
		820ACFF11EA70D4F00A46775 /* Frameworks */ = {
			isa = PBXFrameworksBuildPhase;
			buildActionMask = 2147483647;
			files = (
			);
			runOnlyForDeploymentPostprocessing = 0;
		};
		820ACFFC1EA70D4F00A46775 /* Frameworks */ = {
			isa = PBXFrameworksBuildPhase;
			buildActionMask = 2147483647;
			files = (
			);
			runOnlyForDeploymentPostprocessing = 0;
		};
/* End PBXFrameworksBuildPhase section */

/* Begin PBXGroup section */
		820ACFD71EA70D4F00A46775 = {
			isa = PBXGroup;
			children = (
				820ACFE21EA70D4F00A46775 /* SnowAnimation */,
				820ACFF71EA70D4F00A46775 /* SnowAnimationTests */,
				820AD0021EA70D4F00A46775 /* SnowAnimationUITests */,
				820ACFE11EA70D4F00A46775 /* Products */,
			);
			sourceTree = "<group>";
		};
		820ACFE11EA70D4F00A46775 /* Products */ = {
			isa = PBXGroup;
			children = (
				820ACFE01EA70D4F00A46775 /* SnowAnimation.app */,
				820ACFF41EA70D4F00A46775 /* SnowAnimationTests.xctest */,
				820ACFFF1EA70D4F00A46775 /* SnowAnimationUITests.xctest */,
			);
			name = Products;
			sourceTree = "<group>";
		};
		820ACFE21EA70D4F00A46775 /* SnowAnimation */ = {
			isa = PBXGroup;
			children = (
				820ACFE31EA70D4F00A46775 /* AppDelegate.swift */,
				820ACFE51EA70D4F00A46775 /* ViewController.swift */,
				820ACFE71EA70D4F00A46775 /* Main.storyboard */,
				820ACFEA1EA70D4F00A46775 /* Assets.xcassets */,
				820ACFEC1EA70D4F00A46775 /* LaunchScreen.storyboard */,
				820ACFEF1EA70D4F00A46775 /* Info.plist */,
			);
			path = SnowAnimation;
			sourceTree = "<group>";
		};
		820ACFF71EA70D4F00A46775 /* SnowAnimationTests */ = {
			isa = PBXGroup;
			children = (
				820ACFF81EA70D4F00A46775 /* SnowAnimationTests.swift */,
				820ACFFA1EA70D4F00A46775 /* Info.plist */,
			);
			path = SnowAnimationTests;
			sourceTree = "<group>";
		};
		820AD0021EA70D4F00A46775 /* SnowAnimationUITests */ = {
			isa = PBXGroup;
			children = (
				820AD0031EA70D4F00A46775 /* SnowAnimationUITests.swift */,
				820AD0051EA70D4F00A46775 /* Info.plist */,
			);
			path = SnowAnimationUITests;
			sourceTree = "<group>";
		};
/* End PBXGroup section */

/* Begin PBXNativeTarget section */
		820ACFDF1EA70D4F00A46775 /* SnowAnimation */ = {
			isa = PBXNativeTarget;
			buildConfigurationList = 820AD0081EA70D4F00A46775 /* Build configuration list for PBXNativeTarget "SnowAnimation" */;
			buildPhases = (
				820ACFDC1EA70D4F00A46775 /* Sources */,
				820ACFDD1EA70D4F00A46775 /* Frameworks */,
				820ACFDE1EA70D4F00A46775 /* Resources */,
			);
			buildRules = (
			);
			dependencies = (
			);
			name = SnowAnimation;
			productName = SnowAnimation;
			productReference = 820ACFE01EA70D4F00A46775 /* SnowAnimation.app */;
			productType = "com.apple.product-type.application";
		};
		820ACFF31EA70D4F00A46775 /* SnowAnimationTests */ = {
			isa = PBXNativeTarget;
			buildConfigurationList = 820AD00B1EA70D4F00A46775 /* Build configuration list for PBXNativeTarget "SnowAnimationTests" */;
			buildPhases = (
				820ACFF01EA70D4F00A46775 /* Sources */,
				820ACFF11EA70D4F00A46775 /* Frameworks */,
				820ACFF21EA70D4F00A46775 /* Resources */,
			);
			buildRules = (
			);
			dependencies = (
				820ACFF61EA70D4F00A46775 /* PBXTargetDependency */,
			);
			name = SnowAnimationTests;
			productName = SnowAnimationTests;
			productReference = 820ACFF41EA70D4F00A46775 /* SnowAnimationTests.xctest */;
			productType = "com.apple.product-type.bundle.unit-test";
		};
		820ACFFE1EA70D4F00A46775 /* SnowAnimationUITests */ = {
			isa = PBXNativeTarget;
			buildConfigurationList = 820AD00E1EA70D4F00A46775 /* Build configuration list for PBXNativeTarget "SnowAnimationUITests" */;
			buildPhases = (
				820ACFFB1EA70D4F00A46775 /* Sources */,
				820ACFFC1EA70D4F00A46775 /* Frameworks */,
				820ACFFD1EA70D4F00A46775 /* Resources */,
			);
			buildRules = (
			);
			dependencies = (
				820AD0011EA70D4F00A46775 /* PBXTargetDependency */,
			);
			name = SnowAnimationUITests;
			productName = SnowAnimationUITests;
			productReference = 820ACFFF1EA70D4F00A46775 /* SnowAnimationUITests.xctest */;
			productType = "com.apple.product-type.bundle.ui-testing";
		};
/* End PBXNativeTarget section */

/* Begin PBXProject section */
		820ACFD81EA70D4F00A46775 /* Project object */ = {
			isa = PBXProject;
			attributes = {
				LastSwiftUpdateCheck = 0830;
				LastUpgradeCheck = 0830;
				ORGANIZATIONNAME = YLT;
				TargetAttributes = {
					820ACFDF1EA70D4F00A46775 = {
						CreatedOnToolsVersion = 8.3;
						DevelopmentTeam = HV8NWK3YP7;
						ProvisioningStyle = Automatic;
					};
					820ACFF31EA70D4F00A46775 = {
						CreatedOnToolsVersion = 8.3;
						DevelopmentTeam = HV8NWK3YP7;
						ProvisioningStyle = Automatic;
						TestTargetID = 820ACFDF1EA70D4F00A46775;
					};
					820ACFFE1EA70D4F00A46775 = {
						CreatedOnToolsVersion = 8.3;
						DevelopmentTeam = HV8NWK3YP7;
						ProvisioningStyle = Automatic;
						TestTargetID = 820ACFDF1EA70D4F00A46775;
					};
				};
			};
			buildConfigurationList = 820ACFDB1EA70D4F00A46775 /* Build configuration list for PBXProject "SnowAnimation" */;
			compatibilityVersion = "Xcode 3.2";
			developmentRegion = English;
			hasScannedForEncodings = 0;
			knownRegions = (
				en,
				Base,
			);
			mainGroup = 820ACFD71EA70D4F00A46775;
			productRefGroup = 820ACFE11EA70D4F00A46775 /* Products */;
			projectDirPath = "";
			projectRoot = "";
			targets = (
				820ACFDF1EA70D4F00A46775 /* SnowAnimation */,
				820ACFF31EA70D4F00A46775 /* SnowAnimationTests */,
				820ACFFE1EA70D4F00A46775 /* SnowAnimationUITests */,
			);
		};
/* End PBXProject section */

/* Begin PBXResourcesBuildPhase section */
		820ACFDE1EA70D4F00A46775 /* Resources */ = {
			isa = PBXResourcesBuildPhase;
			buildActionMask = 2147483647;
			files = (
				820ACFEE1EA70D4F00A46775 /* LaunchScreen.storyboard in Resources */,
				820ACFEB1EA70D4F00A46775 /* Assets.xcassets in Resources */,
				820ACFE91EA70D4F00A46775 /* Main.storyboard in Resources */,
			);
			runOnlyForDeploymentPostprocessing = 0;
		};
		820ACFF21EA70D4F00A46775 /* Resources */ = {
			isa = PBXResourcesBuildPhase;
			buildActionMask = 2147483647;
			files = (
			);
			runOnlyForDeploymentPostprocessing = 0;
		};
		820ACFFD1EA70D4F00A46775 /* Resources */ = {
			isa = PBXResourcesBuildPhase;
			buildActionMask = 2147483647;
			files = (
			);
			runOnlyForDeploymentPostprocessing = 0;
		};
/* End PBXResourcesBuildPhase section */

/* Begin PBXSourcesBuildPhase section */
		820ACFDC1EA70D4F00A46775 /* Sources */ = {
			isa = PBXSourcesBuildPhase;
			buildActionMask = 2147483647;
			files = (
				820ACFE61EA70D4F00A46775 /* ViewController.swift in Sources */,
				820ACFE41EA70D4F00A46775 /* AppDelegate.swift in Sources */,
			);
			runOnlyForDeploymentPostprocessing = 0;
		};
		820ACFF01EA70D4F00A46775 /* Sources */ = {
			isa = PBXSourcesBuildPhase;
			buildActionMask = 2147483647;
			files = (
				820ACFF91EA70D4F00A46775 /* SnowAnimationTests.swift in Sources */,
			);
			runOnlyForDeploymentPostprocessing = 0;
		};
		820ACFFB1EA70D4F00A46775 /* Sources */ = {
			isa = PBXSourcesBuildPhase;
			buildActionMask = 2147483647;
			files = (
				820AD0041EA70D4F00A46775 /* SnowAnimationUITests.swift in Sources */,
			);
			runOnlyForDeploymentPostprocessing = 0;
		};
/* End PBXSourcesBuildPhase section */

/* Begin PBXTargetDependency section */
		820ACFF61EA70D4F00A46775 /* PBXTargetDependency */ = {
			isa = PBXTargetDependency;
			target = 820ACFDF1EA70D4F00A46775 /* SnowAnimation */;
			targetProxy = 820ACFF51EA70D4F00A46775 /* PBXContainerItemProxy */;
		};
		820AD0011EA70D4F00A46775 /* PBXTargetDependency */ = {
			isa = PBXTargetDependency;
			target = 820ACFDF1EA70D4F00A46775 /* SnowAnimation */;
			targetProxy = 820AD0001EA70D4F00A46775 /* PBXContainerItemProxy */;
		};
/* End PBXTargetDependency section */

/* Begin PBXVariantGroup section */
		820ACFE71EA70D4F00A46775 /* Main.storyboard */ = {
			isa = PBXVariantGroup;
			children = (
				820ACFE81EA70D4F00A46775 /* Base */,
			);
			name = Main.storyboard;
			sourceTree = "<group>";
		};
		820ACFEC1EA70D4F00A46775 /* LaunchScreen.storyboard */ = {
			isa = PBXVariantGroup;
			children = (
				820ACFED1EA70D4F00A46775 /* Base */,
			);
			name = LaunchScreen.storyboard;
			sourceTree = "<group>";
		};
/* End PBXVariantGroup section */

/* Begin XCBuildConfiguration section */
		820AD0061EA70D4F00A46775 /* Debug */ = {
			isa = XCBuildConfiguration;
			buildSettings = {
				ALWAYS_SEARCH_USER_PATHS = NO;
				CLANG_ANALYZER_NONNULL = YES;
				CLANG_ANALYZER_NUMBER_OBJECT_CONVERSION = YES_AGGRESSIVE;
				CLANG_CXX_LANGUAGE_STANDARD = "gnu++0x";
				CLANG_CXX_LIBRARY = "libc++";
				CLANG_ENABLE_MODULES = YES;
				CLANG_ENABLE_OBJC_ARC = YES;
				CLANG_WARN_BOOL_CONVERSION = YES;
				CLANG_WARN_CONSTANT_CONVERSION = YES;
				CLANG_WARN_DIRECT_OBJC_ISA_USAGE = YES_ERROR;
				CLANG_WARN_DOCUMENTATION_COMMENTS = YES;
				CLANG_WARN_EMPTY_BODY = YES;
				CLANG_WARN_ENUM_CONVERSION = YES;
				CLANG_WARN_INFINITE_RECURSION = YES;
				CLANG_WARN_INT_CONVERSION = YES;
				CLANG_WARN_OBJC_ROOT_CLASS = YES_ERROR;
				CLANG_WARN_SUSPICIOUS_MOVE = YES;
				CLANG_WARN_UNREACHABLE_CODE = YES;
				CLANG_WARN__DUPLICATE_METHOD_MATCH = YES;
				"CODE_SIGN_IDENTITY[sdk=iphoneos*]" = "iPhone Developer";
				COPY_PHASE_STRIP = NO;
				DEBUG_INFORMATION_FORMAT = dwarf;
				ENABLE_STRICT_OBJC_MSGSEND = YES;
				ENABLE_TESTABILITY = YES;
				GCC_C_LANGUAGE_STANDARD = gnu99;
				GCC_DYNAMIC_NO_PIC = NO;
				GCC_NO_COMMON_BLOCKS = YES;
				GCC_OPTIMIZATION_LEVEL = 0;
				GCC_PREPROCESSOR_DEFINITIONS = (
					"DEBUG=1",
					"$(inherited)",
				);
				GCC_WARN_64_TO_32_BIT_CONVERSION = YES;
				GCC_WARN_ABOUT_RETURN_TYPE = YES_ERROR;
				GCC_WARN_UNDECLARED_SELECTOR = YES;
				GCC_WARN_UNINITIALIZED_AUTOS = YES_AGGRESSIVE;
				GCC_WARN_UNUSED_FUNCTION = YES;
				GCC_WARN_UNUSED_VARIABLE = YES;
				IPHONEOS_DEPLOYMENT_TARGET = 10.3;
				MTL_ENABLE_DEBUG_INFO = YES;
				ONLY_ACTIVE_ARCH = YES;
				SDKROOT = iphoneos;
				SWIFT_ACTIVE_COMPILATION_CONDITIONS = DEBUG;
				SWIFT_OPTIMIZATION_LEVEL = "-Onone";
			};
			name = Debug;
		};
		820AD0071EA70D4F00A46775 /* Release */ = {
			isa = XCBuildConfiguration;
			buildSettings = {
				ALWAYS_SEARCH_USER_PATHS = NO;
				CLANG_ANALYZER_NONNULL = YES;
				CLANG_ANALYZER_NUMBER_OBJECT_CONVERSION = YES_AGGRESSIVE;
				CLANG_CXX_LANGUAGE_STANDARD = "gnu++0x";
				CLANG_CXX_LIBRARY = "libc++";
				CLANG_ENABLE_MODULES = YES;
				CLANG_ENABLE_OBJC_ARC = YES;
				CLANG_WARN_BOOL_CONVERSION = YES;
				CLANG_WARN_CONSTANT_CONVERSION = YES;
				CLANG_WARN_DIRECT_OBJC_ISA_USAGE = YES_ERROR;
				CLANG_WARN_DOCUMENTATION_COMMENTS = YES;
				CLANG_WARN_EMPTY_BODY = YES;
				CLANG_WARN_ENUM_CONVERSION = YES;
				CLANG_WARN_INFINITE_RECURSION = YES;
				CLANG_WARN_INT_CONVERSION = YES;
				CLANG_WARN_OBJC_ROOT_CLASS = YES_ERROR;
				CLANG_WARN_SUSPICIOUS_MOVE = YES;
				CLANG_WARN_UNREACHABLE_CODE = YES;
				CLANG_WARN__DUPLICATE_METHOD_MATCH = YES;
				"CODE_SIGN_IDENTITY[sdk=iphoneos*]" = "iPhone Developer";
				COPY_PHASE_STRIP = NO;
				DEBUG_INFORMATION_FORMAT = "dwarf-with-dsym";
				ENABLE_NS_ASSERTIONS = NO;
				ENABLE_STRICT_OBJC_MSGSEND = YES;
				GCC_C_LANGUAGE_STANDARD = gnu99;
				GCC_NO_COMMON_BLOCKS = YES;
				GCC_WARN_64_TO_32_BIT_CONVERSION = YES;
				GCC_WARN_ABOUT_RETURN_TYPE = YES_ERROR;
				GCC_WARN_UNDECLARED_SELECTOR = YES;
				GCC_WARN_UNINITIALIZED_AUTOS = YES_AGGRESSIVE;
				GCC_WARN_UNUSED_FUNCTION = YES;
				GCC_WARN_UNUSED_VARIABLE = YES;
				IPHONEOS_DEPLOYMENT_TARGET = 10.3;
				MTL_ENABLE_DEBUG_INFO = NO;
				SDKROOT = iphoneos;
				SWIFT_OPTIMIZATION_LEVEL = "-Owholemodule";
				VALIDATE_PRODUCT = YES;
			};
			name = Release;
		};
		820AD0091EA70D4F00A46775 /* Debug */ = {
			isa = XCBuildConfiguration;
			buildSettings = {
				ASSETCATALOG_COMPILER_APPICON_NAME = AppIcon;
				DEVELOPMENT_TEAM = HV8NWK3YP7;
				INFOPLIST_FILE = SnowAnimation/Info.plist;
				LD_RUNPATH_SEARCH_PATHS = "$(inherited) @executable_path/Frameworks";
				PRODUCT_BUNDLE_IDENTIFIER = YiLianTong.SnowAnimation;
				PRODUCT_NAME = "$(TARGET_NAME)";
				SWIFT_VERSION = 3.0;
			};
			name = Debug;
		};
		820AD00A1EA70D4F00A46775 /* Release */ = {
			isa = XCBuildConfiguration;
			buildSettings = {
				ASSETCATALOG_COMPILER_APPICON_NAME = AppIcon;
				DEVELOPMENT_TEAM = HV8NWK3YP7;
				INFOPLIST_FILE = SnowAnimation/Info.plist;
				LD_RUNPATH_SEARCH_PATHS = "$(inherited) @executable_path/Frameworks";
				PRODUCT_BUNDLE_IDENTIFIER = YiLianTong.SnowAnimation;
				PRODUCT_NAME = "$(TARGET_NAME)";
				SWIFT_VERSION = 3.0;
			};
			name = Release;
		};
		820AD00C1EA70D4F00A46775 /* Debug */ = {
			isa = XCBuildConfiguration;
			buildSettings = {
				ALWAYS_EMBED_SWIFT_STANDARD_LIBRARIES = YES;
				BUNDLE_LOADER = "$(TEST_HOST)";
				DEVELOPMENT_TEAM = HV8NWK3YP7;
				INFOPLIST_FILE = SnowAnimationTests/Info.plist;
				LD_RUNPATH_SEARCH_PATHS = "$(inherited) @executable_path/Frameworks @loader_path/Frameworks";
				PRODUCT_BUNDLE_IDENTIFIER = YiLianTong.SnowAnimationTests;
				PRODUCT_NAME = "$(TARGET_NAME)";
				SWIFT_VERSION = 3.0;
				TEST_HOST = "$(BUILT_PRODUCTS_DIR)/SnowAnimation.app/SnowAnimation";
			};
			name = Debug;
		};
		820AD00D1EA70D4F00A46775 /* Release */ = {
			isa = XCBuildConfiguration;
			buildSettings = {
				ALWAYS_EMBED_SWIFT_STANDARD_LIBRARIES = YES;
				BUNDLE_LOADER = "$(TEST_HOST)";
				DEVELOPMENT_TEAM = HV8NWK3YP7;
				INFOPLIST_FILE = SnowAnimationTests/Info.plist;
				LD_RUNPATH_SEARCH_PATHS = "$(inherited) @executable_path/Frameworks @loader_path/Frameworks";
				PRODUCT_BUNDLE_IDENTIFIER = YiLianTong.SnowAnimationTests;
				PRODUCT_NAME = "$(TARGET_NAME)";
				SWIFT_VERSION = 3.0;
				TEST_HOST = "$(BUILT_PRODUCTS_DIR)/SnowAnimation.app/SnowAnimation";
			};
			name = Release;
		};
		820AD00F1EA70D4F00A46775 /* Debug */ = {
			isa = XCBuildConfiguration;
			buildSettings = {
				ALWAYS_EMBED_SWIFT_STANDARD_LIBRARIES = YES;
				DEVELOPMENT_TEAM = HV8NWK3YP7;
				INFOPLIST_FILE = SnowAnimationUITests/Info.plist;
				LD_RUNPATH_SEARCH_PATHS = "$(inherited) @executable_path/Frameworks @loader_path/Frameworks";
				PRODUCT_BUNDLE_IDENTIFIER = YiLianTong.SnowAnimationUITests;
				PRODUCT_NAME = "$(TARGET_NAME)";
				SWIFT_VERSION = 3.0;
				TEST_TARGET_NAME = SnowAnimation;
			};
			name = Debug;
		};
		820AD0101EA70D4F00A46775 /* Release */ = {
			isa = XCBuildConfiguration;
			buildSettings = {
				ALWAYS_EMBED_SWIFT_STANDARD_LIBRARIES = YES;
				DEVELOPMENT_TEAM = HV8NWK3YP7;
				INFOPLIST_FILE = SnowAnimationUITests/Info.plist;
				LD_RUNPATH_SEARCH_PATHS = "$(inherited) @executable_path/Frameworks @loader_path/Frameworks";
				PRODUCT_BUNDLE_IDENTIFIER = YiLianTong.SnowAnimationUITests;
				PRODUCT_NAME = "$(TARGET_NAME)";
				SWIFT_VERSION = 3.0;
				TEST_TARGET_NAME = SnowAnimation;
			};
			name = Release;
		};
/* End XCBuildConfiguration section */

/* Begin XCConfigurationList section */
		820ACFDB1EA70D4F00A46775 /* Build configuration list for PBXProject "SnowAnimation" */ = {
			isa = XCConfigurationList;
			buildConfigurations = (
				820AD0061EA70D4F00A46775 /* Debug */,
				820AD0071EA70D4F00A46775 /* Release */,
			);
			defaultConfigurationIsVisible = 0;
			defaultConfigurationName = Release;
		};
		820AD0081EA70D4F00A46775 /* Build configuration list for PBXNativeTarget "SnowAnimation" */ = {
			isa = XCConfigurationList;
			buildConfigurations = (
				820AD0091EA70D4F00A46775 /* Debug */,
				820AD00A1EA70D4F00A46775 /* Release */,
			);
			defaultConfigurationIsVisible = 0;
		};
		820AD00B1EA70D4F00A46775 /* Build configuration list for PBXNativeTarget "SnowAnimationTests" */ = {
			isa = XCConfigurationList;
			buildConfigurations = (
				820AD00C1EA70D4F00A46775 /* Debug */,
				820AD00D1EA70D4F00A46775 /* Release */,
			);
			defaultConfigurationIsVisible = 0;
		};
		820AD00E1EA70D4F00A46775 /* Build configuration list for PBXNativeTarget "SnowAnimationUITests" */ = {
			isa = XCConfigurationList;
			buildConfigurations = (
				820AD00F1EA70D4F00A46775 /* Debug */,
				820AD0101EA70D4F00A46775 /* Release */,
			);
			defaultConfigurationIsVisible = 0;
		};
/* End XCConfigurationList section */
	};
	rootObject = 820ACFD81EA70D4F00A46775 /* Project object */;
}
